
Microsoft Visual Studio Solution File, Format Version 12.00
# Visual Studio Version 17
VisualStudioVersion = 17.8.34322.80
MinimumVisualStudioVersion = 10.0.40219.1
Project("{FAE04EC0-301F-11D3-BF4B-00C04F79EFBC}") = "PCA9685_Test", "PCA9685_Test\PCA9685_Test.csproj", "{BC3E49D0-C5E4-44CE-B357-0526592A97F2}"
EndProject
Project("{2150E333-8FDC-42A3-9474-1A3956D46DE8}") = ".src", ".src", "{6432B195-4C92-4189-9B0D-A704DA3FB3B2}"
EndProject
Project("{9A19103F-16F7-4668-BE54-9A1E7A4F7556}") = "CH341_Test", "CH341_Test\CH341_Test.csproj", "{A4EB7139-5A87-41E2-8CD9-804276CC92FA}"
EndProject
Project("{9A19103F-16F7-4668-BE54-9A1E7A4F7556}") = "CH341Net", ".src\CH341Net\CH341Net.csproj", "{B98FAB1B-4FFF-4194-B46A-89397B75769D}"
EndProject
Project("{9A19103F-16F7-4668-BE54-9A1E7A4F7556}") = "SlaveDevices", ".src\SlaveDevices\SlaveDevices.csproj", "{750A4129-9A6B-4DE7-8FB6-31995000E088}"
EndProject
Global
	GlobalSection(SolutionConfigurationPlatforms) = preSolution
		Debug|Any CPU = Debug|Any CPU
		Release|Any CPU = Release|Any CPU
	EndGlobalSection
	GlobalSection(ProjectConfigurationPlatforms) = postSolution
		{BC3E49D0-C5E4-44CE-B357-0526592A97F2}.Debug|Any CPU.ActiveCfg = Debug|Any CPU
		{BC3E49D0-C5E4-44CE-B357-0526592A97F2}.Debug|Any CPU.Build.0 = Debug|Any CPU
		{BC3E49D0-C5E4-44CE-B357-0526592A97F2}.Release|Any CPU.ActiveCfg = Release|Any CPU
		{BC3E49D0-C5E4-44CE-B357-0526592A97F2}.Release|Any CPU.Build.0 = Release|Any CPU
		{A4EB7139-5A87-41E2-8CD9-804276CC92FA}.Debug|Any CPU.ActiveCfg = Debug|Any CPU
		{A4EB7139-5A87-41E2-8CD9-804276CC92FA}.Debug|Any CPU.Build.0 = Debug|Any CPU
		{A4EB7139-5A87-41E2-8CD9-804276CC92FA}.Release|Any CPU.ActiveCfg = Release|Any CPU
		{A4EB7139-5A87-41E2-8CD9-804276CC92FA}.Release|Any CPU.Build.0 = Release|Any CPU
		{B98FAB1B-4FFF-4194-B46A-89397B75769D}.Debug|Any CPU.ActiveCfg = Debug|Any CPU
		{B98FAB1B-4FFF-4194-B46A-89397B75769D}.Debug|Any CPU.Build.0 = Debug|Any CPU
		{B98FAB1B-4FFF-4194-B46A-89397B75769D}.Release|Any CPU.ActiveCfg = Release|Any CPU
		{B98FAB1B-4FFF-4194-B46A-89397B75769D}.Release|Any CPU.Build.0 = Release|Any CPU
		{750A4129-9A6B-4DE7-8FB6-31995000E088}.Debug|Any CPU.ActiveCfg = Debug|Any CPU
		{750A4129-9A6B-4DE7-8FB6-31995000E088}.Debug|Any CPU.Build.0 = Debug|Any CPU
		{750A4129-9A6B-4DE7-8FB6-31995000E088}.Release|Any CPU.ActiveCfg = Release|Any CPU
		{750A4129-9A6B-4DE7-8FB6-31995000E088}.Release|Any CPU.Build.0 = Release|Any CPU
	EndGlobalSection
	GlobalSection(SolutionProperties) = preSolution
		HideSolutionNode = FALSE
	EndGlobalSection
	GlobalSection(NestedProjects) = preSolution
		{B98FAB1B-4FFF-4194-B46A-89397B75769D} = {6432B195-4C92-4189-9B0D-A704DA3FB3B2}
		{750A4129-9A6B-4DE7-8FB6-31995000E088} = {6432B195-4C92-4189-9B0D-A704DA3FB3B2}
	EndGlobalSection
	GlobalSection(ExtensibilityGlobals) = postSolution
		SolutionGuid = {1AF0D7B2-1A4E-4FEE-9ED2-EBBED3793136}
	EndGlobalSection
EndGlobal
